
Microsoft Visual Studio Solution File, Format Version 12.00
# Visual Studio 15
VisualStudioVersion = 15.0.27703.2018
MinimumVisualStudioVersion = 10.0.40219.1
Project("{FAE04EC0-301F-11D3-BF4B-00C04F79EFBC}") = "GeneticBudget", "GeneticBudget\GeneticBudget.csproj", "{EE233AB9-5028-4F8A-88B7-FFC508193261}"
EndProject
Global
	GlobalSection(SolutionConfigurationPlatforms) = preSolution
		Debug|Any CPU = Debug|Any CPU
		Release|Any CPU = Release|Any CPU
	EndGlobalSection
	GlobalSection(ProjectConfigurationPlatforms) = postSolution
		{EE233AB9-5028-4F8A-88B7-FFC508193261}.Debug|Any CPU.ActiveCfg = Debug|Any CPU
		{EE233AB9-5028-4F8A-88B7-FFC508193261}.Debug|Any CPU.Build.0 = Debug|Any CPU
		{EE233AB9-5028-4F8A-88B7-FFC508193261}.Release|Any CPU.ActiveCfg = Release|Any CPU
		{EE233AB9-5028-4F8A-88B7-FFC508193261}.Release|Any CPU.Build.0 = Release|Any CPU
	EndGlobalSection
	GlobalSection(SolutionProperties) = preSolution
		HideSolutionNode = FALSE
	EndGlobalSection
	GlobalSection(ExtensibilityGlobals) = postSolution
		SolutionGuid = {0BDA0F98-656F-416E-9F96-0CC4837B72EA}
	EndGlobalSection
EndGlobal
